
Microsoft Visual Studio Solution File, Format Version 12.00
# Visual Studio Version 16
VisualStudioVersion = 16.0.31702.278
MinimumVisualStudioVersion = 10.0.40219.1
Project("{FAE04EC0-301F-11D3-BF4B-00C04F79EFBC}") = "Stretto", "Stretto\Stretto.csproj", "{18EBD72B-35B6-4372-9D3D-F0E3EEAEF2AF}"
EndProject
Global
	GlobalSection(SolutionConfigurationPlatforms) = preSolution
		Debug|Any CPU = Debug|Any CPU
		Release|Any CPU = Release|Any CPU
	EndGlobalSection
	GlobalSection(ProjectConfigurationPlatforms) = postSolution
		{18EBD72B-35B6-4372-9D3D-F0E3EEAEF2AF}.Debug|Any CPU.ActiveCfg = Debug|Any CPU
		{18EBD72B-35B6-4372-9D3D-F0E3EEAEF2AF}.Debug|Any CPU.Build.0 = Debug|Any CPU
		{18EBD72B-35B6-4372-9D3D-F0E3EEAEF2AF}.Release|Any CPU.ActiveCfg = Release|Any CPU
		{18EBD72B-35B6-4372-9D3D-F0E3EEAEF2AF}.Release|Any CPU.Build.0 = Release|Any CPU
	EndGlobalSection
	GlobalSection(SolutionProperties) = preSolution
		HideSolutionNode = FALSE
	EndGlobalSection
	GlobalSection(ExtensibilityGlobals) = postSolution
		SolutionGuid = {7656007C-F533-4698-99E1-97AD57A70155}
	EndGlobalSection
EndGlobal
